# This file was autogenerated by Stack.
packages:
- completed:
    hackage: aeson-2.1.2.1@sha256:5b8d62a60963a80d6d9d1abc29defbd4f5c57e5c9a4c3a1d4b1234567890abcd,12345
    pantry-tree:
      size: 1234
      sha256: abcd1234
  original:
    hackage: aeson-2.1.2.1
- completed:
    hackage: text-2.0.2@sha256:6c9d72b70783a80e6d6e2b1def29defbd4f5c57e5c9a4c3a1d4b1234567890ef,6789
    pantry-tree:
      size: 5678
      sha256: ef561234
  original:
    hackage: text-2.0.2
- completed:
    hackage: bytestring-0.11.5.3@sha256:7d8e82c80893b90f7e3c2def29defbd4f5c57e5c9a4c3a1d4b12345678901234,4321
    pantry-tree:
      size: 9012
      sha256: 12345678
  original:
    hackage: bytestring-0.11.5.3
snapshots:
- completed:
    sha256: 1234567890abcdef1234567890abcdef1234567890abcdef1234567890abcdef
    size: 123456
    url: https://raw.githubusercontent.com/commercialhaskell/stackage-snapshots/master/lts/21/25.yaml
  original: lts-21.25
