github.com/BurntSushi/toml v1.6.0 h1:dRaEfpa2VI55EwlIW72hMRHdWouJeRF7TPYhI+AUQjk=
github.com/BurntSushi/toml v1.6.0/go.mod h1:ukJfTF/6rtPPRCnwkur4qwRxa8vTRFBF0uk2lLoLwho=
github.com/bazelbuild/buildtools v0.0.0-20260211083412-859bfffeef82 h1:PmoVmwzAnGb0iCjulb7Mgsaqw2Wj36LQJ8VyYaFe/ak=
github.com/bazelbuild/buildtools v0.0.0-20260211083412-859bfffeef82/go.mod h1:PLNUetjLa77TCCziPsz0EI8a6CUxgC+1jgmWv0H25tg=
github.com/git-pkgs/pom v0.1.3 h1:2YHz4ch+S5yJjNjF2zA3W+IBQNn/kuUzWzyXATlq2yo=
github.com/git-pkgs/pom v0.1.3/go.mod h1:ufdMBe1lKzqOeP9IUb9NPZ458xKV8E8NvuyBMxOfwIk=
github.com/git-pkgs/purl v0.1.11 h1:VS3tux2BHgOZEg/uhrbOUyoX0NSEPEfhEuF7EbzOAOM=
github.com/git-pkgs/purl v0.1.11/go.mod h1:jCXDpAOwFQZR27ALTaOLH1ByhEgkcC+06Hp9uzh02ZE=
github.com/git-pkgs/vers v0.2.4 h1:Zr3jR/Xf1i/6cvBaJKPxhCwjzqz7uvYHE0Fhid/GPBk=
github.com/git-pkgs/vers v0.2.4/go.mod h1:biTbSQK1qdbrsxDEKnqe3Jzclxz8vW6uDcwKjfUGcOo=
github.com/package-url/packageurl-go v0.1.6 h1:YO3p6u1XmCUliivUg/qWphaY8vI6hxSnnPv7Bfg3m5M=
github.com/package-url/packageurl-go v0.1.6/go.mod h1:nKAWB8E6uk1MHqiS/lQb9pYBGH2+mdJ2PJc2s50dQY0=
gopkg.in/check.v1 v0.0.0-20161208181325-20d25e280405 h1:yhCVgyC4o1eVCa2tZl7eS0r+SDo693bJlVdllGtEeKM=
gopkg.in/check.v1 v0.0.0-20161208181325-20d25e280405/go.mod h1:Co6ibVJAznAaIkqp8huTwlJQCZ016jof/cbN4VW5Yz0=
gopkg.in/yaml.v3 v3.0.1 h1:fxVm/GzAzEWqLHuvctI91KS9hhNmmWOoWu0XTYJS7CA=
gopkg.in/yaml.v3 v3.0.1/go.mod h1:K4uyk7z7BCEPqu6E+C64Yfv1cQ7kz7rIZviUmN+EgEM=
