github.com/BurntSushi/toml v1.6.0 h1:dRaEfpa2VI55EwlIW72hMRHdWouJeRF7TPYhI+AUQjk=
github.com/BurntSushi/toml v1.6.0/go.mod h1:ukJfTF/6rtPPRCnwkur4qwRxa8vTRFBF0uk2lLoLwho=
github.com/git-pkgs/packageurl-go v0.0.0-20260115093137-a0c26f7ee19e h1:HP9nixDfQIsqSBVYoGA9+FoimW8e2vSUg4cCqXLbX08=
github.com/git-pkgs/packageurl-go v0.0.0-20260115093137-a0c26f7ee19e/go.mod h1:nKAWB8E6uk1MHqiS/lQb9pYBGH2+mdJ2PJc2s50dQY0=
github.com/git-pkgs/purl v0.1.1 h1:qArU393mHvk/Swf38XTH6j1wMhvga9PDXrVSUNuPUWI=
github.com/git-pkgs/purl v0.1.1/go.mod h1:t0rkEc3HYAemHnpXKelDGCKx4vP+OUxpRyetWJyBDhw=
github.com/git-pkgs/vers v0.1.0 h1:Q/jhf/y2aeks6hhYOVFo1ZAjt++oNLLELHH3QAT6prA=
github.com/git-pkgs/vers v0.1.0/go.mod h1:wn8lpnRoIg1Y1F1daZK+OZxsmGuqVXj3ov6+uRWnMAw=
gopkg.in/check.v1 v0.0.0-20161208181325-20d25e280405 h1:yhCVgyC4o1eVCa2tZl7eS0r+SDo693bJlVdllGtEeKM=
gopkg.in/check.v1 v0.0.0-20161208181325-20d25e280405/go.mod h1:Co6ibVJAznAaIkqp8huTwlJQCZ016jof/cbN4VW5Yz0=
gopkg.in/yaml.v3 v3.0.1 h1:fxVm/GzAzEWqLHuvctI91KS9hhNmmWOoWu0XTYJS7CA=
gopkg.in/yaml.v3 v3.0.1/go.mod h1:K4uyk7z7BCEPqu6E+C64Yfv1cQ7kz7rIZviUmN+EgEM=
