# This lock file was generated by conda-lock (https://github.com/conda/conda-lock). DO NOT EDIT!
#
# A "lock file" contains a concrete list of package versions (with checksums) to be installed.
#
version: 1
metadata:
  content_hash:
    linux-64: abc123def456
  channels:
    - url: https://conda.anaconda.org/conda-forge
      used_env_vars: []
    - url: https://conda.anaconda.org/pytorch
      used_env_vars: []
  platforms:
    - linux-64
  sources:
    - environment.yml
package:
  - name: python
    version: 3.11.0
    manager: conda
    platform: linux-64
    dependencies:
      ld_impl_linux-64: '>=2.36.1'
      libffi: '>=3.4'
    url: https://conda.anaconda.org/conda-forge/linux-64/python-3.11.0-h1a5efe5_0.conda
    hash:
      md5: 1234567890abcdef1234567890abcdef
      sha256: abcdef1234567890abcdef1234567890abcdef1234567890abcdef1234567890
    category: main
    optional: false
  - name: numpy
    version: 1.24.3
    manager: conda
    platform: linux-64
    dependencies:
      python: '>=3.8'
      libblas: '>=3.9.0'
    url: https://conda.anaconda.org/conda-forge/linux-64/numpy-1.24.3-py311h64a7726_0.conda
    hash:
      md5: fedcba0987654321fedcba0987654321
      sha256: 1234567890abcdef1234567890abcdef1234567890abcdef1234567890abcdef
    category: main
    optional: false
  - name: pandas
    version: 2.0.1
    manager: conda
    platform: linux-64
    dependencies:
      python: '>=3.8'
      numpy: '>=1.21.0'
    url: https://conda.anaconda.org/conda-forge/linux-64/pandas-2.0.1-py311h320fe9a_0.conda
    hash:
      md5: aabbccdd11223344aabbccdd11223344
      sha256: 5566778899aabbcc5566778899aabbcc5566778899aabbcc5566778899aabbcc
    category: main
    optional: false
  - name: pytest
    version: 7.3.1
    manager: conda
    platform: linux-64
    dependencies:
      python: '>=3.7'
    url: https://conda.anaconda.org/conda-forge/noarch/pytest-7.3.1-pyhd8ed1ab_0.conda
    hash:
      md5: 1111222233334444555566667777888a
      sha256: aaaabbbbccccddddeeeeffffaaaabbbbccccddddeeeeffffaaaabbbbccccdddd
    category: dev
    optional: false
  - name: requests
    version: 2.31.0
    manager: pip
    platform: linux-64
    dependencies: {}
    url: https://files.pythonhosted.org/packages/requests-2.31.0-py3-none-any.whl
    hash:
      sha256: 942c5a758f98d790eaed1a29cb6eefc7ffb0d1cf7af05c3d2791656dbd6ad1e1
    category: main
    optional: false
  - name: black
    version: 23.3.0
    manager: pip
    platform: linux-64
    dependencies:
      click: '>=8.0.0'
    url: https://files.pythonhosted.org/packages/black-23.3.0-py3-none-any.whl
    hash:
      sha256: 1c7b8d606e728a41ea1ccbd7264677e494e87cf630e399262ced92d4a8dac940
    category: dev
    optional: true
