{"1.2.0",
[{<<"hex_core">>,{pkg,<<"hex_core">>,<<"0.10.3">>},0},
 {<<"verl">>,{pkg,<<"verl">>,<<"1.1.1">>},0},
 {<<"ssl_verify_fun">>,{pkg,<<"ssl_verify_fun">>,<<"1.1.7">>},1}]}.
[
{pkg_hash,[
 {<<"hex_core">>, <<"21E84B3AB21EEE6A1EAA56B69624E0D7D82F61F148B4C7441B4692FA2C48E0C1">>},
 {<<"verl">>, <<"0925F3708B11CACC6FBA2CB35B5EFDCE78C6E79B9DB90A30BD75A3C6FE58A8A5">>},
 {<<"ssl_verify_fun">>, <<"FE4C190E8F37401D30167C8C405EDA19469F34577987C76DDE613E838BBC67F8">>}]},
{pkg_hash_ext,[
 {<<"hex_core">>, <<"4516C43F1CD22C9E4ABBBC3C4F5EBBC84EF24F7D8BF0D3D6BF0F3D5818F8612D">>},
 {<<"verl">>, <<"36B66CC8E9B6C30BCAEB35A4674ABAF9A4C4E5E30C8E7A0E4FC3E4F4F4E4E4F4">>},
 {<<"ssl_verify_fun">>, <<"BDB0D2471F453C88FF3908E7686F86F9BE327D065CC1EC16FA4540197EA04680">>}]}
].
